
Microsoft Visual Studio Solution File, Format Version 11.00
# Visual Studio 2010
Project("{FAE04EC0-301F-11D3-BF4B-00C04F79EFBC}") = "PX.Objects.FS", "PX.Objects.FS.csproj", "{7E676781-A124-4F06-8D09-A0952C83212B}"
EndProject
Global
	GlobalSection(SolutionConfigurationPlatforms) = preSolution
		Debug|Any CPU = Debug|Any CPU
		Release|Any CPU = Release|Any CPU
	EndGlobalSection
	GlobalSection(ProjectConfigurationPlatforms) = postSolution
		{7E676781-A124-4F06-8D09-A0952C83212B}.Debug|Any CPU.ActiveCfg = Debug|Any CPU
		{7E676781-A124-4F06-8D09-A0952C83212B}.Debug|Any CPU.Build.0 = Debug|Any CPU
		{7E676781-A124-4F06-8D09-A0952C83212B}.Release|Any CPU.ActiveCfg = Release|Any CPU
		{7E676781-A124-4F06-8D09-A0952C83212B}.Release|Any CPU.Build.0 = Release|Any CPU
	EndGlobalSection
	GlobalSection(SolutionProperties) = preSolution
		HideSolutionNode = FALSE
	EndGlobalSection
EndGlobal
